
Microsoft Visual Studio Solution File, Format Version 12.00
# Visual Studio 15
VisualStudioVersion = 15.0.28307.438
MinimumVisualStudioVersion = 10.0.40219.1
Project("{FAE04EC0-301F-11D3-BF4B-00C04F79EFBC}") = "ContaBancaria", "ContaBancaria\ContaBancaria.csproj", "{92A22A4F-AEF3-4E92-8DFE-6F8787E561C0}"
EndProject
Global
	GlobalSection(SolutionConfigurationPlatforms) = preSolution
		Debug|Any CPU = Debug|Any CPU
		Release|Any CPU = Release|Any CPU
	EndGlobalSection
	GlobalSection(ProjectConfigurationPlatforms) = postSolution
		{92A22A4F-AEF3-4E92-8DFE-6F8787E561C0}.Debug|Any CPU.ActiveCfg = Debug|Any CPU
		{92A22A4F-AEF3-4E92-8DFE-6F8787E561C0}.Debug|Any CPU.Build.0 = Debug|Any CPU
		{92A22A4F-AEF3-4E92-8DFE-6F8787E561C0}.Release|Any CPU.ActiveCfg = Release|Any CPU
		{92A22A4F-AEF3-4E92-8DFE-6F8787E561C0}.Release|Any CPU.Build.0 = Release|Any CPU
	EndGlobalSection
	GlobalSection(SolutionProperties) = preSolution
		HideSolutionNode = FALSE
	EndGlobalSection
	GlobalSection(ExtensibilityGlobals) = postSolution
		SolutionGuid = {9882C739-0C83-48C3-8F1C-7946014423E2}
	EndGlobalSection
EndGlobal
